# THIS IS AN AUTOGENERATED FILE. DO NOT EDIT THIS FILE DIRECTLY.
# yarn lockfile v1


"@types/color-name@^1.1.1":
  version "1.1.1"
  resolved "https://registry.npm.taobao.org/@types/color-name/download/@types/color-name-1.1.1.tgz?cache=0&sync_timestamp=1596837707987&other_urls=https%3A%2F%2Fregistry.npm.taobao.org%2F%40types%2Fcolor-name%2Fdownload%2F%40types%2Fcolor-name-1.1.1.tgz"

JSONStream@^1.0.7:
  version "1.3.5"
  resolved "https://registry.npm.taobao.org/JSONStream/download/JSONStream-1.3.5.tgz?cache=0&sync_timestamp=1589682277271&other_urls=https%3A%2F%2Fregistry.npm.taobao.org%2FJSONStream%2Fdownload%2FJSONStream-1.3.5.tgz"
  dependencies:
    jsonparse "^1.2.0"
    through ">=2.2.7 <3"

a-sync-waterfall@^1.0.0:
  version "1.0.1"
  resolved "https://registry.npm.taobao.org/a-sync-waterfall/download/a-sync-waterfall-1.0.1.tgz"

abbrev@^1.1.1:
  version "1.1.1"
  resolved "https://registry.npm.taobao.org/abbrev/download/abbrev-1.1.1.tgz"

accepts@~1.3.5:
  version "1.3.7"
  resolved "https://registry.npm.taobao.org/accepts/download/accepts-1.3.7.tgz"
  dependencies:
    mime-types "~2.1.24"
    negotiator "0.6.2"

amdefine@>=0.0.4:
  version "1.0.1"
  resolved "https://registry.npm.taobao.org/amdefine/download/amdefine-1.0.1.tgz"

ansi-regex@^5.0.0:
  version "5.0.1"
  resolved "https://registry.yarnpkg.com/ansi-regex/-/ansi-regex-5.0.1.tgz#082cb2c89c9fe8659a311a53bd6a4dc5301db304"

ansi-styles@^4.1.0:
  version "4.2.1"
  resolved "https://registry.npm.taobao.org/ansi-styles/download/ansi-styles-4.2.1.tgz"
  dependencies:
    "@types/color-name" "^1.1.1"
    color-convert "^2.0.1"

anymatch@~3.1.1:
  version "3.1.1"
  resolved "https://registry.npm.taobao.org/anymatch/download/anymatch-3.1.1.tgz"
  dependencies:
    normalize-path "^3.0.0"
    picomatch "^2.0.4"

anymatch@~3.1.2:
  version "3.1.3"
  resolved "https://registry.yarnpkg.com/anymatch/-/anymatch-3.1.3.tgz#790c58b19ba1720a84205b57c618d5ad8524973e"
  dependencies:
    normalize-path "^3.0.0"
    picomatch "^2.0.4"

archy@^1.0.0:
  version "1.0.0"
  resolved "https://registry.npm.taobao.org/archy/download/archy-1.0.0.tgz"

argparse@^1.0.7:
  version "1.0.10"
  resolved "https://registry.npm.taobao.org/argparse/download/argparse-1.0.10.tgz"
  dependencies:
    sprintf-js "~1.0.2"

asap@^2.0.3:
  version "2.0.6"
  resolved "https://registry.npm.taobao.org/asap/download/asap-2.0.6.tgz"

atob@^2.1.2:
  version "2.1.2"
  resolved "https://registry.npm.taobao.org/atob/download/atob-2.1.2.tgz"

balanced-match@^1.0.0:
  version "1.0.0"
  resolved "https://registry.npm.taobao.org/balanced-match/download/balanced-match-1.0.0.tgz"

basic-auth@~2.0.1:
  version "2.0.1"
  resolved "https://registry.npm.taobao.org/basic-auth/download/basic-auth-2.0.1.tgz"
  dependencies:
    safe-buffer "5.1.2"

binary-extensions@^2.0.0:
  version "2.1.0"
  resolved "https://registry.npm.taobao.org/binary-extensions/download/binary-extensions-2.1.0.tgz?cache=0&sync_timestamp=1593261283449&other_urls=https%3A%2F%2Fregistry.npm.taobao.org%2Fbinary-extensions%2Fdownload%2Fbinary-extensions-2.1.0.tgz"

bluebird@^3.2.2, bluebird@^3.5.1, bluebird@^3.5.2, bluebird@^3.5.5, bluebird@^3.7.2:
  version "3.7.2"
  resolved "https://registry.npm.taobao.org/bluebird/download/bluebird-3.7.2.tgz?cache=0&other_urls=https%3A%2F%2Fregistry.npm.taobao.org%2Fbluebird%2Fdownload%2Fbluebird-3.7.2.tgz"

brace-expansion@^1.1.7:
  version "1.1.11"
  resolved "https://registry.npm.taobao.org/brace-expansion/download/brace-expansion-1.1.11.tgz"
  dependencies:
    balanced-match "^1.0.0"
    concat-map "0.0.1"

braces@^3.0.1, braces@~3.0.2:
  version "3.0.2"
  resolved "https://registry.npm.taobao.org/braces/download/braces-3.0.2.tgz"
  dependencies:
    fill-range "^7.0.1"

bytes@3.0.0:
  version "3.0.0"
  resolved "https://registry.npm.taobao.org/bytes/download/bytes-3.0.0.tgz"

camel-case@^4.0.0:
  version "4.1.1"
  resolved "https://registry.npm.taobao.org/camel-case/download/camel-case-4.1.1.tgz?cache=0&sync_timestamp=1576721717499&other_urls=https%3A%2F%2Fregistry.npm.taobao.org%2Fcamel-case%2Fdownload%2Fcamel-case-4.1.1.tgz"
  dependencies:
    pascal-case "^3.1.1"
    tslib "^1.10.0"

chalk@^4.0.0:
  version "4.1.0"
  resolved "https://registry.npm.taobao.org/chalk/download/chalk-4.1.0.tgz?cache=0&sync_timestamp=1591687028262&other_urls=https%3A%2F%2Fregistry.npm.taobao.org%2Fchalk%2Fdownload%2Fchalk-4.1.0.tgz"
  dependencies:
    ansi-styles "^4.1.0"
    supports-color "^7.1.0"

chokidar@^3.0.0:
  version "3.4.2"
  resolved "https://registry.npm.taobao.org/chokidar/download/chokidar-3.4.2.tgz?cache=0&sync_timestamp=1597763177396&other_urls=https%3A%2F%2Fregistry.npm.taobao.org%2Fchokidar%2Fdownload%2Fchokidar-3.4.2.tgz"
  dependencies:
    anymatch "~3.1.1"
    braces "~3.0.2"
    glob-parent "~5.1.0"
    is-binary-path "~2.1.0"
    is-glob "~4.0.1"
    normalize-path "~3.0.0"
    readdirp "~3.4.0"
  optionalDependencies:
    fsevents "~2.1.2"

chokidar@^3.5.3:
  version "3.5.3"
  resolved "https://registry.yarnpkg.com/chokidar/-/chokidar-3.5.3.tgz#1cf37c8707b932bd1af1ae22c0432e2acd1903bd"
  dependencies:
    anymatch "~3.1.2"
    braces "~3.0.2"
    glob-parent "~5.1.2"
    is-binary-path "~2.1.0"
    is-glob "~4.0.1"
    normalize-path "~3.0.0"
    readdirp "~3.6.0"
  optionalDependencies:
    fsevents "~2.3.2"

color-convert@^2.0.1:
  version "2.0.1"
  resolved "https://registry.npm.taobao.org/color-convert/download/color-convert-2.0.1.tgz?cache=0&other_urls=https%3A%2F%2Fregistry.npm.taobao.org%2Fcolor-convert%2Fdownload%2Fcolor-convert-2.0.1.tgz"
  dependencies:
    color-name "~1.1.4"

color-name@~1.1.4:
  version "1.1.4"
  resolved "https://registry.npm.taobao.org/color-name/download/color-name-1.1.4.tgz"

command-exists@^1.2.8:
  version "1.2.9"
  resolved "https://registry.npm.taobao.org/command-exists/download/command-exists-1.2.9.tgz"

commander@^5.1.0:
  version "5.1.0"
  resolved "https://registry.npm.taobao.org/commander/download/commander-5.1.0.tgz?cache=0&sync_timestamp=1598576136669&other_urls=https%3A%2F%2Fregistry.npm.taobao.org%2Fcommander%2Fdownload%2Fcommander-5.1.0.tgz"

compressible@~2.0.16:
  version "2.0.18"
  resolved "https://registry.npm.taobao.org/compressible/download/compressible-2.0.18.tgz"
  dependencies:
    mime-db ">= 1.43.0 < 2"

compression@^1.7.4:
  version "1.7.4"
  resolved "https://registry.npm.taobao.org/compression/download/compression-1.7.4.tgz"
  dependencies:
    accepts "~1.3.5"
    bytes "3.0.0"
    compressible "~2.0.16"
    debug "2.6.9"
    on-headers "~1.0.2"
    safe-buffer "5.1.2"
    vary "~1.1.2"

concat-map@0.0.1:
  version "0.0.1"
  resolved "https://registry.npm.taobao.org/concat-map/download/concat-map-0.0.1.tgz"

connect@^3.7.0:
  version "3.7.0"
  resolved "https://registry.npm.taobao.org/connect/download/connect-3.7.0.tgz"
  dependencies:
    debug "2.6.9"
    finalhandler "1.1.2"
    parseurl "~1.3.3"
    utils-merge "1.0.1"

cross-spawn@^7.0.0:
  version "7.0.3"
  resolved "https://registry.npm.taobao.org/cross-spawn/download/cross-spawn-7.0.3.tgz"
  dependencies:
    path-key "^3.1.0"
    shebang-command "^2.0.0"
    which "^2.0.1"

css-parse@1.7.x:
  version "1.7.0"
  resolved "https://registry.npm.taobao.org/css-parse/download/css-parse-1.7.0.tgz"

css-parse@~2.0.0:
  version "2.0.0"
  resolved "https://registry.npm.taobao.org/css-parse/download/css-parse-2.0.0.tgz"
  dependencies:
    css "^2.0.0"

css@^2.0.0:
  version "2.2.4"
  resolved "https://registry.npm.taobao.org/css/download/css-2.2.4.tgz?cache=0&sync_timestamp=1593663585785&other_urls=https%3A%2F%2Fregistry.npm.taobao.org%2Fcss%2Fdownload%2Fcss-2.2.4.tgz"
  dependencies:
    inherits "^2.0.3"
    source-map "^0.6.1"
    source-map-resolve "^0.5.2"
    urix "^0.1.0"

cuid@^2.1.4:
  version "2.1.8"
  resolved "https://registry.npm.taobao.org/cuid/download/cuid-2.1.8.tgz"

debug@*, debug@2.6.9:
  version "2.6.9"
  resolved "https://registry.npm.taobao.org/debug/download/debug-2.6.9.tgz"
  dependencies:
    ms "2.0.0"

debug@~3.1.0:
  version "3.1.0"
  resolved "https://registry.npm.taobao.org/debug/download/debug-3.1.0.tgz"
  dependencies:
    ms "2.0.0"

decode-uri-component@^0.2.0:
  version "0.2.0"
  resolved "https://registry.npm.taobao.org/decode-uri-component/download/decode-uri-component-0.2.0.tgz"

deep-assign@^2.0.0:
  version "2.0.0"
  resolved "https://registry.npm.taobao.org/deep-assign/download/deep-assign-2.0.0.tgz"
  dependencies:
    is-obj "^1.0.0"

deepmerge@^4.2.2:
  version "4.2.2"
  resolved "https://registry.npm.taobao.org/deepmerge/download/deepmerge-4.2.2.tgz"

depd@~1.1.2:
  version "1.1.2"
  resolved "https://registry.npm.taobao.org/depd/download/depd-1.1.2.tgz"

depd@~2.0.0:
  version "2.0.0"
  resolved "https://registry.npm.taobao.org/depd/download/depd-2.0.0.tgz"

destroy@~1.0.4:
  version "1.0.4"
  resolved "https://registry.npm.taobao.org/destroy/download/destroy-1.0.4.tgz"

dom-serializer@^1.0.1:
  version "1.1.0"
  resolved "https://registry.npm.taobao.org/dom-serializer/download/dom-serializer-1.1.0.tgz?cache=0&sync_timestamp=1600028888021&other_urls=https%3A%2F%2Fregistry.npm.taobao.org%2Fdom-serializer%2Fdownload%2Fdom-serializer-1.1.0.tgz"
  dependencies:
    domelementtype "^2.0.1"
    domhandler "^3.0.0"
    entities "^2.0.0"

domelementtype@^2.0.1:
  version "2.0.2"
  resolved "https://registry.npm.taobao.org/domelementtype/download/domelementtype-2.0.2.tgz?cache=0&sync_timestamp=1600028450905&other_urls=https%3A%2F%2Fregistry.npm.taobao.org%2Fdomelementtype%2Fdownload%2Fdomelementtype-2.0.2.tgz"

domelementtype@^2.2.0:
  version "2.3.0"
  resolved "https://registry.yarnpkg.com/domelementtype/-/domelementtype-2.3.0.tgz#5c45e8e869952626331d7aab326d01daf65d589d"

domhandler@^3.0.0:
  version "3.0.0"
  resolved "https://registry.npm.taobao.org/domhandler/download/domhandler-3.0.0.tgz"
  dependencies:
    domelementtype "^2.0.1"

domhandler@^4.2.0, domhandler@^4.2.2:
  version "4.3.1"
  resolved "https://registry.yarnpkg.com/domhandler/-/domhandler-4.3.1.tgz#8d792033416f59d68bc03a5aa7b018c1ca89279c"
  dependencies:
    domelementtype "^2.2.0"

domutils@^2.0.0:
  version "2.3.0"
  resolved "https://registry.npm.taobao.org/domutils/download/domutils-2.3.0.tgz?cache=0&sync_timestamp=1600025178128&other_urls=https%3A%2F%2Fregistry.npm.taobao.org%2Fdomutils%2Fdownload%2Fdomutils-2.3.0.tgz"
  dependencies:
    dom-serializer "^1.0.1"
    domelementtype "^2.0.1"
    domhandler "^3.0.0"

domutils@^2.8.0:
  version "2.8.0"
  resolved "https://registry.yarnpkg.com/domutils/-/domutils-2.8.0.tgz#4437def5db6e2d1f5d6ee859bd95ca7d02048135"
  dependencies:
    dom-serializer "^1.0.1"
    domelementtype "^2.2.0"
    domhandler "^4.2.0"

ee-first@1.1.1:
  version "1.1.1"
  resolved "https://registry.npm.taobao.org/ee-first/download/ee-first-1.1.1.tgz"

ejs@^2.6.1:
  version "2.7.4"
  resolved "https://registry.npm.taobao.org/ejs/download/ejs-2.7.4.tgz?cache=0&sync_timestamp=1597678424776&other_urls=https%3A%2F%2Fregistry.npm.taobao.org%2Fejs%2Fdownload%2Fejs-2.7.4.tgz"

encodeurl@~1.0.2:
  version "1.0.2"
  resolved "https://registry.npm.taobao.org/encodeurl/download/encodeurl-1.0.2.tgz"

entities@^2.0.0:
  version "2.0.3"
  resolved "https://registry.npm.taobao.org/entities/download/entities-2.0.3.tgz?cache=0&other_urls=https%3A%2F%2Fregistry.npm.taobao.org%2Fentities%2Fdownload%2Fentities-2.0.3.tgz"

entities@^3.0.1:
  version "3.0.1"
  resolved "https://registry.yarnpkg.com/entities/-/entities-3.0.1.tgz#2b887ca62585e96db3903482d336c1006c3001d4"

escape-html@~1.0.3:
  version "1.0.3"
  resolved "https://registry.npm.taobao.org/escape-html/download/escape-html-1.0.3.tgz"

esprima@^4.0.0:
  version "4.0.1"
  resolved "https://registry.npm.taobao.org/esprima/download/esprima-4.0.1.tgz"

etag@~1.8.1:
  version "1.8.1"
  resolved "https://registry.npm.taobao.org/etag/download/etag-1.8.1.tgz"

fill-range@^7.0.1:
  version "7.0.1"
  resolved "https://registry.npm.taobao.org/fill-range/download/fill-range-7.0.1.tgz"
  dependencies:
    to-regex-range "^5.0.1"

finalhandler@1.1.2:
  version "1.1.2"
  resolved "https://registry.npm.taobao.org/finalhandler/download/finalhandler-1.1.2.tgz"
  dependencies:
    debug "2.6.9"
    encodeurl "~1.0.2"
    escape-html "~1.0.3"
    on-finished "~2.3.0"
    parseurl "~1.3.3"
    statuses "~1.5.0"
    unpipe "~1.0.0"

fresh@0.5.2:
  version "0.5.2"
  resolved "https://registry.npm.taobao.org/fresh/download/fresh-0.5.2.tgz"

fs.realpath@^1.0.0:
  version "1.0.0"
  resolved "https://registry.npm.taobao.org/fs.realpath/download/fs.realpath-1.0.0.tgz"

fsevents@~2.1.2:
  version "2.1.3"
  resolved "https://registry.npm.taobao.org/fsevents/download/fsevents-2.1.3.tgz"

fsevents@~2.3.2:
  version "2.3.2"
  resolved "https://registry.yarnpkg.com/fsevents/-/fsevents-2.3.2.tgz#8a526f78b8fdf4623b709e0b975c52c24c02fd1a"

glob-parent@~5.1.0, glob-parent@~5.1.2:
  version "5.1.2"
  resolved "https://registry.yarnpkg.com/glob-parent/-/glob-parent-5.1.2.tgz#869832c58034fe68a4093c17dc15e8340d8401c4"
  dependencies:
    is-glob "^4.0.1"

glob@7.0.x:
  version "7.0.6"
  resolved "https://registry.npm.taobao.org/glob/download/glob-7.0.6.tgz"
  dependencies:
    fs.realpath "^1.0.0"
    inflight "^1.0.4"
    inherits "2"
    minimatch "^3.0.2"
    once "^1.3.0"
    path-is-absolute "^1.0.0"

glob@^7.1.6:
  version "7.1.6"
  resolved "https://registry.npm.taobao.org/glob/download/glob-7.1.6.tgz"
  dependencies:
    fs.realpath "^1.0.0"
    inflight "^1.0.4"
    inherits "2"
    minimatch "^3.0.4"
    once "^1.3.0"
    path-is-absolute "^1.0.0"

graceful-fs@^4.1.11, graceful-fs@^4.1.3:
  version "4.2.4"
  resolved "https://registry.npm.taobao.org/graceful-fs/download/graceful-fs-4.2.4.tgz?cache=0&sync_timestamp=1588086876757&other_urls=https%3A%2F%2Fregistry.npm.taobao.org%2Fgraceful-fs%2Fdownload%2Fgraceful-fs-4.2.4.tgz"

graceful-fs@^4.2.10:
  version "4.2.10"
  resolved "https://registry.yarnpkg.com/graceful-fs/-/graceful-fs-4.2.10.tgz#147d3a006da4ca3ce14728c7aefc287c367d7a6c"

has-flag@^4.0.0:
  version "4.0.0"
  resolved "https://registry.npm.taobao.org/has-flag/download/has-flag-4.0.0.tgz"

hexo-cli@^4.0.0:
  version "4.2.0"
  resolved "https://registry.npm.taobao.org/hexo-cli/download/hexo-cli-4.2.0.tgz"
  dependencies:
    abbrev "^1.1.1"
    bluebird "^3.5.5"
    chalk "^4.0.0"
    command-exists "^1.2.8"
    hexo-fs "^3.0.1"
    hexo-log "^2.0.0"
    hexo-util "^2.0.0"
    minimist "^1.2.5"
    resolve "^1.11.0"
    tildify "^2.0.0"

hexo-deployer-git@^4.0.0:
  version "4.0.0"
  resolved "https://registry.yarnpkg.com/hexo-deployer-git/-/hexo-deployer-git-4.0.0.tgz#d507ecd5ba7d07f60b0c1ab50ced3e47535f6017"
  dependencies:
    bluebird "^3.7.2"
    hexo-fs "^4.0.0"
    hexo-util "^2.7.0"
    luxon "^3.0.4"
    nunjucks "^3.2.3"
    picocolors "^1.0.0"

hexo-filter-mermaid-diagrams@^1.0.5:
  version "1.0.5"
  resolved "https://registry.npm.taobao.org/hexo-filter-mermaid-diagrams/download/hexo-filter-mermaid-diagrams-1.0.5.tgz"
  dependencies:
    deep-assign "^2.0.0"

hexo-front-matter@^2.0.0:
  version "2.0.0"
  resolved "https://registry.npm.taobao.org/hexo-front-matter/download/hexo-front-matter-2.0.0.tgz?cache=0&sync_timestamp=1596018846062&other_urls=https%3A%2F%2Fregistry.npm.taobao.org%2Fhexo-front-matter%2Fdownload%2Fhexo-front-matter-2.0.0.tgz"
  dependencies:
    js-yaml "^3.13.1"

hexo-fs@^3.0.1, hexo-fs@^3.1.0:
  version "3.1.0"
  resolved "https://registry.npm.taobao.org/hexo-fs/download/hexo-fs-3.1.0.tgz?cache=0&sync_timestamp=1590153058229&other_urls=https%3A%2F%2Fregistry.npm.taobao.org%2Fhexo-fs%2Fdownload%2Fhexo-fs-3.1.0.tgz"
  dependencies:
    bluebird "^3.5.1"
    chokidar "^3.0.0"
    graceful-fs "^4.1.11"
    hexo-util "^2.0.0"

hexo-fs@^4.0.0:
  version "4.1.1"
  resolved "https://registry.yarnpkg.com/hexo-fs/-/hexo-fs-4.1.1.tgz#4a95d0d6b15eb7baf642ce54b8234fb32e5f032d"
  dependencies:
    bluebird "^3.7.2"
    chokidar "^3.5.3"
    graceful-fs "^4.2.10"
    hexo-util "^2.7.0"

hexo-generator-archive@^1.0.0:
  version "1.0.0"
  resolved "https://registry.npm.taobao.org/hexo-generator-archive/download/hexo-generator-archive-1.0.0.tgz"
  dependencies:
    hexo-pagination "1.0.0"

hexo-generator-category@^1.0.0:
  version "1.0.0"
  resolved "https://registry.npm.taobao.org/hexo-generator-category/download/hexo-generator-category-1.0.0.tgz"
  dependencies:
    hexo-pagination "1.0.0"

hexo-generator-index@^2.0.0:
  version "2.0.0"
  resolved "https://registry.npm.taobao.org/hexo-generator-index/download/hexo-generator-index-2.0.0.tgz"
  dependencies:
    hexo-pagination "1.0.0"
    timsort "^0.3.0"

hexo-generator-json-content@^4.2.3:
  version "4.2.3"
  resolved "https://registry.npm.taobao.org/hexo-generator-json-content/download/hexo-generator-json-content-4.2.3.tgz"
  dependencies:
    hexo-util latest
    keyword-extractor latest
    moment latest

hexo-generator-tag@^1.0.0:
  version "1.0.0"
  resolved "https://registry.npm.taobao.org/hexo-generator-tag/download/hexo-generator-tag-1.0.0.tgz"
  dependencies:
    hexo-pagination "1.0.0"

hexo-i18n@^1.0.0:
  version "1.0.0"
  resolved "https://registry.npm.taobao.org/hexo-i18n/download/hexo-i18n-1.0.0.tgz"
  dependencies:
    sprintf-js "^1.0.3"

hexo-log@^2.0.0:
  version "2.0.0"
  resolved "https://registry.npm.taobao.org/hexo-log/download/hexo-log-2.0.0.tgz"
  dependencies:
    chalk "^4.0.0"

hexo-pagination@1.0.0:
  version "1.0.0"
  resolved "https://registry.npm.taobao.org/hexo-pagination/download/hexo-pagination-1.0.0.tgz"

hexo-renderer-ejs@^1.0.0:
  version "1.0.0"
  resolved "https://registry.npm.taobao.org/hexo-renderer-ejs/download/hexo-renderer-ejs-1.0.0.tgz"
  dependencies:
    ejs "^2.6.1"

hexo-renderer-marked@^3.0.0:
  version "3.2.0"
  resolved "https://registry.npm.taobao.org/hexo-renderer-marked/download/hexo-renderer-marked-3.2.0.tgz?cache=0&sync_timestamp=1599207175409&other_urls=https%3A%2F%2Fregistry.npm.taobao.org%2Fhexo-renderer-marked%2Fdownload%2Fhexo-renderer-marked-3.2.0.tgz"
  dependencies:
    hexo-util "^2.1.0"
    marked "^1.0.0"

hexo-renderer-stylus@^2.0.0:
  version "2.0.1"
  resolved "https://registry.npm.taobao.org/hexo-renderer-stylus/download/hexo-renderer-stylus-2.0.1.tgz"
  dependencies:
    nib "^1.1.2"
    stylus "^0.54.8"

hexo-server@^2.0.0:
  version "2.0.0"
  resolved "https://registry.npm.taobao.org/hexo-server/download/hexo-server-2.0.0.tgz"
  dependencies:
    bluebird "^3.5.5"
    chalk "^4.0.0"
    compression "^1.7.4"
    connect "^3.7.0"
    mime "^2.4.3"
    morgan "^1.9.1"
    open "^7.0.0"
    serve-static "^1.14.1"

hexo-util@^2.0.0, hexo-util@^2.1.0, hexo-util@^2.4.0, hexo-util@^2.7.0:
  version "2.7.0"
  resolved "https://registry.yarnpkg.com/hexo-util/-/hexo-util-2.7.0.tgz#13d09292e79d260db35399710b3e19f3995443a3"
  dependencies:
    bluebird "^3.5.2"
    camel-case "^4.0.0"
    cross-spawn "^7.0.0"
    deepmerge "^4.2.2"
    highlight.js "^11.0.1"
    htmlparser2 "^7.0.0"
    prismjs "^1.17.1"
    strip-indent "^3.0.0"

hexo-util@latest:
  version "2.4.0"
  resolved "https://registry.npm.taobao.org/hexo-util/download/hexo-util-2.4.0.tgz"
  dependencies:
    bluebird "^3.5.2"
    camel-case "^4.0.0"
    cross-spawn "^7.0.0"
    deepmerge "^4.2.2"
    highlight.js "^10.0.0"
    htmlparser2 "^4.0.0"
    prismjs "^1.17.1"
    strip-indent "^3.0.0"
    striptags "^3.1.1"

hexo-wordcount@^6.0.1:
  version "6.0.1"
  resolved "https://registry.npm.taobao.org/hexo-wordcount/download/hexo-wordcount-6.0.1.tgz"

hexo@^5.0.0:
  version "5.1.1"
  resolved "https://registry.npm.taobao.org/hexo/download/hexo-5.1.1.tgz"
  dependencies:
    abbrev "^1.1.1"
    archy "^1.0.0"
    bluebird "^3.5.2"
    chalk "^4.0.0"
    hexo-cli "^4.0.0"
    hexo-front-matter "^2.0.0"
    hexo-fs "^3.1.0"
    hexo-i18n "^1.0.0"
    hexo-log "^2.0.0"
    hexo-util "^2.4.0"
    js-yaml "^3.12.0"
    micromatch "^4.0.2"
    moment "^2.22.2"
    moment-timezone "^0.5.21"
    nunjucks "^3.2.1"
    pretty-hrtime "^1.0.3"
    resolve "^1.8.1"
    strip-ansi "^6.0.0"
    text-table "^0.2.0"
    tildify "^2.0.0"
    titlecase "^1.1.2"
    warehouse "^4.0.0"

highlight.js@^10.0.0:
  version "10.2.0"
  resolved "https://registry.npm.taobao.org/highlight.js/download/highlight.js-10.2.0.tgz"

highlight.js@^11.0.1:
  version "11.7.0"
  resolved "https://registry.yarnpkg.com/highlight.js/-/highlight.js-11.7.0.tgz#3ff0165bc843f8c9bce1fd89e2fda9143d24b11e"

htmlparser2@^4.0.0:
  version "4.1.0"
  resolved "https://registry.npm.taobao.org/htmlparser2/download/htmlparser2-4.1.0.tgz"
  dependencies:
    domelementtype "^2.0.1"
    domhandler "^3.0.0"
    domutils "^2.0.0"
    entities "^2.0.0"

htmlparser2@^7.0.0:
  version "7.2.0"
  resolved "https://registry.yarnpkg.com/htmlparser2/-/htmlparser2-7.2.0.tgz#8817cdea38bbc324392a90b1990908e81a65f5a5"
  dependencies:
    domelementtype "^2.0.1"
    domhandler "^4.2.2"
    domutils "^2.8.0"
    entities "^3.0.1"

http-errors@~1.7.2:
  version "1.7.3"
  resolved "https://registry.npm.taobao.org/http-errors/download/http-errors-1.7.3.tgz?cache=0&sync_timestamp=1593407710477&other_urls=https%3A%2F%2Fregistry.npm.taobao.org%2Fhttp-errors%2Fdownload%2Fhttp-errors-1.7.3.tgz"
  dependencies:
    depd "~1.1.2"
    inherits "2.0.4"
    setprototypeof "1.1.1"
    statuses ">= 1.5.0 < 2"
    toidentifier "1.0.0"

inflight@^1.0.4:
  version "1.0.6"
  resolved "https://registry.npm.taobao.org/inflight/download/inflight-1.0.6.tgz"
  dependencies:
    once "^1.3.0"
    wrappy "1"

inherits@2, inherits@2.0.4, inherits@^2.0.3:
  version "2.0.4"
  resolved "https://registry.npm.taobao.org/inherits/download/inherits-2.0.4.tgz"

is-binary-path@~2.1.0:
  version "2.1.0"
  resolved "https://registry.npm.taobao.org/is-binary-path/download/is-binary-path-2.1.0.tgz"
  dependencies:
    binary-extensions "^2.0.0"

is-docker@^2.0.0:
  version "2.1.1"
  resolved "https://registry.npm.taobao.org/is-docker/download/is-docker-2.1.1.tgz?cache=0&sync_timestamp=1596559351223&other_urls=https%3A%2F%2Fregistry.npm.taobao.org%2Fis-docker%2Fdownload%2Fis-docker-2.1.1.tgz"

is-extglob@^2.1.1:
  version "2.1.1"
  resolved "https://registry.yarnpkg.com/is-extglob/-/is-extglob-2.1.1.tgz#a88c02535791f02ed37c76a1b9ea9773c833f8c2"

is-glob@^4.0.1, is-glob@~4.0.1:
  version "4.0.3"
  resolved "https://registry.yarnpkg.com/is-glob/-/is-glob-4.0.3.tgz#64f61e42cbbb2eec2071a9dac0b28ba1e65d5084"
  dependencies:
    is-extglob "^2.1.1"

is-number@^7.0.0:
  version "7.0.0"
  resolved "https://registry.npm.taobao.org/is-number/download/is-number-7.0.0.tgz"

is-obj@^1.0.0:
  version "1.0.1"
  resolved "https://registry.nlark.com/is-obj/download/is-obj-1.0.1.tgz"

is-plain-object@^2.0.4:
  version "2.0.4"
  resolved "https://registry.yarnpkg.com/is-plain-object/-/is-plain-object-2.0.4.tgz#2c163b3fafb1b606d9d17928f05c2a1c38e07677"
  dependencies:
    isobject "^3.0.1"

is-plain-object@^3.0.0:
  version "3.0.1"
  resolved "https://registry.npm.taobao.org/is-plain-object/download/is-plain-object-3.0.1.tgz?cache=0&sync_timestamp=1599667279942&other_urls=https%3A%2F%2Fregistry.npm.taobao.org%2Fis-plain-object%2Fdownload%2Fis-plain-object-3.0.1.tgz"

is-primitive@^3.0.1:
  version "3.0.1"
  resolved "https://registry.yarnpkg.com/is-primitive/-/is-primitive-3.0.1.tgz#98c4db1abff185485a657fc2905052b940524d05"

is-wsl@^2.1.1:
  version "2.2.0"
  resolved "https://registry.npm.taobao.org/is-wsl/download/is-wsl-2.2.0.tgz"
  dependencies:
    is-docker "^2.0.0"

isexe@^2.0.0:
  version "2.0.0"
  resolved "https://registry.npm.taobao.org/isexe/download/isexe-2.0.0.tgz"

isobject@^3.0.1:
  version "3.0.1"
  resolved "https://registry.yarnpkg.com/isobject/-/isobject-3.0.1.tgz#4e431e92b11a9731636aa1f9c8d1ccbcfdab78df"

js-yaml@>=3.13.1, js-yaml@^3.12.0, js-yaml@^3.13.1:
  version "3.14.0"
  resolved "https://registry.npm.taobao.org/js-yaml/download/js-yaml-3.14.0.tgz?cache=0&sync_timestamp=1590172281856&other_urls=https%3A%2F%2Fregistry.npm.taobao.org%2Fjs-yaml%2Fdownload%2Fjs-yaml-3.14.0.tgz"
  dependencies:
    argparse "^1.0.7"
    esprima "^4.0.0"

jsonparse@^1.2.0:
  version "1.3.1"
  resolved "https://registry.npm.taobao.org/jsonparse/download/jsonparse-1.3.1.tgz"

keyword-extractor@latest:
  version "0.0.19"
  resolved "https://registry.npm.taobao.org/keyword-extractor/download/keyword-extractor-0.0.19.tgz"
  dependencies:
    js-yaml ">=3.13.1"
    kind-of ">=6.0.3"
    minimist ">=0.2.1"
    set-value ">=2.0.1"
    underscore "1.10.2"
    underscore.string "3.3.5"

kind-of@>=6.0.3:
  version "6.0.3"
  resolved "https://registry.npm.taobao.org/kind-of/download/kind-of-6.0.3.tgz"

lower-case@^2.0.1:
  version "2.0.1"
  resolved "https://registry.npm.taobao.org/lower-case/download/lower-case-2.0.1.tgz?cache=0&sync_timestamp=1575601555695&other_urls=https%3A%2F%2Fregistry.npm.taobao.org%2Flower-case%2Fdownload%2Flower-case-2.0.1.tgz"
  dependencies:
    tslib "^1.10.0"

luxon@^3.0.4:
  version "3.2.1"
  resolved "https://registry.yarnpkg.com/luxon/-/luxon-3.2.1.tgz#14f1af209188ad61212578ea7e3d518d18cee45f"

marked@^1.0.0:
  version "1.1.1"
  resolved "https://registry.npm.taobao.org/marked/download/marked-1.1.1.tgz?cache=0&sync_timestamp=1594690265250&other_urls=https%3A%2F%2Fregistry.npm.taobao.org%2Fmarked%2Fdownload%2Fmarked-1.1.1.tgz"

micromatch@^4.0.2:
  version "4.0.2"
  resolved "https://registry.npm.taobao.org/micromatch/download/micromatch-4.0.2.tgz"
  dependencies:
    braces "^3.0.1"
    picomatch "^2.0.5"

mime-db@1.44.0, "mime-db@>= 1.43.0 < 2":
  version "1.44.0"
  resolved "https://registry.npm.taobao.org/mime-db/download/mime-db-1.44.0.tgz"

mime-types@~2.1.24:
  version "2.1.27"
  resolved "https://registry.npm.taobao.org/mime-types/download/mime-types-2.1.27.tgz"
  dependencies:
    mime-db "1.44.0"

mime@1.6.0:
  version "1.6.0"
  resolved "https://registry.npm.taobao.org/mime/download/mime-1.6.0.tgz?cache=0&sync_timestamp=1590596728112&other_urls=https%3A%2F%2Fregistry.npm.taobao.org%2Fmime%2Fdownload%2Fmime-1.6.0.tgz"

mime@^2.4.3:
  version "2.4.6"
  resolved "https://registry.npm.taobao.org/mime/download/mime-2.4.6.tgz?cache=0&sync_timestamp=1590596728112&other_urls=https%3A%2F%2Fregistry.npm.taobao.org%2Fmime%2Fdownload%2Fmime-2.4.6.tgz"

min-indent@^1.0.0:
  version "1.0.1"
  resolved "https://registry.npm.taobao.org/min-indent/download/min-indent-1.0.1.tgz?cache=0&sync_timestamp=1590693908857&other_urls=https%3A%2F%2Fregistry.npm.taobao.org%2Fmin-indent%2Fdownload%2Fmin-indent-1.0.1.tgz"

minimatch@^3.0.2, minimatch@^3.0.4:
  version "3.0.4"
  resolved "https://registry.npm.taobao.org/minimatch/download/minimatch-3.0.4.tgz"
  dependencies:
    brace-expansion "^1.1.7"

minimist@>=0.2.1, minimist@^1.2.5:
  version "1.2.5"
  resolved "https://registry.npm.taobao.org/minimist/download/minimist-1.2.5.tgz"

mkdirp@0.5.x:
  version "0.5.5"
  resolved "https://registry.npm.taobao.org/mkdirp/download/mkdirp-0.5.5.tgz"
  dependencies:
    minimist "^1.2.5"

mkdirp@~1.0.4:
  version "1.0.4"
  resolved "https://registry.npm.taobao.org/mkdirp/download/mkdirp-1.0.4.tgz"

moment-timezone@^0.5.21:
  version "0.5.31"
  resolved "https://registry.npm.taobao.org/moment-timezone/download/moment-timezone-0.5.31.tgz?cache=0&sync_timestamp=1589720215573&other_urls=https%3A%2F%2Fregistry.npm.taobao.org%2Fmoment-timezone%2Fdownload%2Fmoment-timezone-0.5.31.tgz"
  dependencies:
    moment ">= 2.9.0"

"moment@>= 2.9.0", moment@^2.22.2:
  version "2.29.4"
  resolved "https://registry.yarnpkg.com/moment/-/moment-2.29.4.tgz#3dbe052889fe7c1b2ed966fcb3a77328964ef108"

moment@latest:
  version "2.28.0"
  resolved "https://registry.npm.taobao.org/moment/download/moment-2.28.0.tgz"

morgan@^1.9.1:
  version "1.10.0"
  resolved "https://registry.npm.taobao.org/morgan/download/morgan-1.10.0.tgz"
  dependencies:
    basic-auth "~2.0.1"
    debug "2.6.9"
    depd "~2.0.0"
    on-finished "~2.3.0"
    on-headers "~1.0.2"

ms@2.0.0:
  version "2.0.0"
  resolved "https://registry.npm.taobao.org/ms/download/ms-2.0.0.tgz"

ms@2.1.1:
  version "2.1.1"
  resolved "https://registry.npm.taobao.org/ms/download/ms-2.1.1.tgz"

negotiator@0.6.2:
  version "0.6.2"
  resolved "https://registry.npm.taobao.org/negotiator/download/negotiator-0.6.2.tgz"

nib@^1.1.2:
  version "1.1.2"
  resolved "https://registry.npm.taobao.org/nib/download/nib-1.1.2.tgz"
  dependencies:
    stylus "0.54.5"

no-case@^3.0.3:
  version "3.0.3"
  resolved "https://registry.npm.taobao.org/no-case/download/no-case-3.0.3.tgz"
  dependencies:
    lower-case "^2.0.1"
    tslib "^1.10.0"

normalize-path@^3.0.0, normalize-path@~3.0.0:
  version "3.0.0"
  resolved "https://registry.npm.taobao.org/normalize-path/download/normalize-path-3.0.0.tgz"

nunjucks@^3.2.1, nunjucks@^3.2.3:
  version "3.2.3"
  resolved "https://registry.yarnpkg.com/nunjucks/-/nunjucks-3.2.3.tgz#1b33615247290e94e28263b5d855ece765648a31"
  dependencies:
    a-sync-waterfall "^1.0.0"
    asap "^2.0.3"
    commander "^5.1.0"

on-finished@~2.3.0:
  version "2.3.0"
  resolved "https://registry.npm.taobao.org/on-finished/download/on-finished-2.3.0.tgz"
  dependencies:
    ee-first "1.1.1"

on-headers@~1.0.2:
  version "1.0.2"
  resolved "https://registry.npm.taobao.org/on-headers/download/on-headers-1.0.2.tgz"

once@^1.3.0:
  version "1.4.0"
  resolved "https://registry.npm.taobao.org/once/download/once-1.4.0.tgz"
  dependencies:
    wrappy "1"

open@^7.0.0:
  version "7.2.1"
  resolved "https://registry.npm.taobao.org/open/download/open-7.2.1.tgz?cache=0&sync_timestamp=1598611657979&other_urls=https%3A%2F%2Fregistry.npm.taobao.org%2Fopen%2Fdownload%2Fopen-7.2.1.tgz"
  dependencies:
    is-docker "^2.0.0"
    is-wsl "^2.1.1"

parseurl@~1.3.3:
  version "1.3.3"
  resolved "https://registry.npm.taobao.org/parseurl/download/parseurl-1.3.3.tgz"

pascal-case@^3.1.1:
  version "3.1.1"
  resolved "https://registry.npm.taobao.org/pascal-case/download/pascal-case-3.1.1.tgz"
  dependencies:
    no-case "^3.0.3"
    tslib "^1.10.0"

path-is-absolute@^1.0.0:
  version "1.0.1"
  resolved "https://registry.npm.taobao.org/path-is-absolute/download/path-is-absolute-1.0.1.tgz"

path-key@^3.1.0:
  version "3.1.1"
  resolved "https://registry.npm.taobao.org/path-key/download/path-key-3.1.1.tgz?cache=0&sync_timestamp=1574441404712&other_urls=https%3A%2F%2Fregistry.npm.taobao.org%2Fpath-key%2Fdownload%2Fpath-key-3.1.1.tgz"

path-parse@^1.0.6:
  version "1.0.7"
  resolved "https://registry.yarnpkg.com/path-parse/-/path-parse-1.0.7.tgz#fbc114b60ca42b30d9daf5858e4bd68bbedb6735"

picocolors@^1.0.0:
  version "1.0.0"
  resolved "https://registry.yarnpkg.com/picocolors/-/picocolors-1.0.0.tgz#cb5bdc74ff3f51892236eaf79d68bc44564ab81c"

picomatch@^2.0.4, picomatch@^2.0.5, picomatch@^2.2.1:
  version "2.2.2"
  resolved "https://registry.npm.taobao.org/picomatch/download/picomatch-2.2.2.tgz"

pretty-hrtime@^1.0.3:
  version "1.0.3"
  resolved "https://registry.npm.taobao.org/pretty-hrtime/download/pretty-hrtime-1.0.3.tgz"

prismjs@^1.17.1:
  version "1.27.0"
  resolved "https://registry.yarnpkg.com/prismjs/-/prismjs-1.27.0.tgz#bb6ee3138a0b438a3653dd4d6ce0cc6510a45057"

range-parser@~1.2.1:
  version "1.2.1"
  resolved "https://registry.npm.taobao.org/range-parser/download/range-parser-1.2.1.tgz"

readdirp@~3.4.0:
  version "3.4.0"
  resolved "https://registry.npm.taobao.org/readdirp/download/readdirp-3.4.0.tgz"
  dependencies:
    picomatch "^2.2.1"

readdirp@~3.6.0:
  version "3.6.0"
  resolved "https://registry.yarnpkg.com/readdirp/-/readdirp-3.6.0.tgz#74a370bd857116e245b29cc97340cd431a02a6c7"
  dependencies:
    picomatch "^2.2.1"

resolve-url@^0.2.1:
  version "0.2.1"
  resolved "https://registry.npm.taobao.org/resolve-url/download/resolve-url-0.2.1.tgz"

resolve@^1.11.0, resolve@^1.8.1:
  version "1.17.0"
  resolved "https://registry.npm.taobao.org/resolve/download/resolve-1.17.0.tgz"
  dependencies:
    path-parse "^1.0.6"

rfdc@^1.1.4:
  version "1.1.4"
  resolved "https://registry.npm.taobao.org/rfdc/download/rfdc-1.1.4.tgz"

safe-buffer@5.1.2:
  version "5.1.2"
  resolved "https://registry.npm.taobao.org/safe-buffer/download/safe-buffer-5.1.2.tgz?cache=0&sync_timestamp=1589129010497&other_urls=https%3A%2F%2Fregistry.npm.taobao.org%2Fsafe-buffer%2Fdownload%2Fsafe-buffer-5.1.2.tgz"

safer-buffer@^2.1.2:
  version "2.1.2"
  resolved "https://registry.npm.taobao.org/safer-buffer/download/safer-buffer-2.1.2.tgz"

sax@0.5.x:
  version "0.5.8"
  resolved "https://registry.npm.taobao.org/sax/download/sax-0.5.8.tgz"

sax@~1.2.4:
  version "1.2.4"
  resolved "https://registry.npm.taobao.org/sax/download/sax-1.2.4.tgz"

semver@^6.3.0:
  version "6.3.0"
  resolved "https://registry.npm.taobao.org/semver/download/semver-6.3.0.tgz"

send@0.17.1:
  version "0.17.1"
  resolved "https://registry.npm.taobao.org/send/download/send-0.17.1.tgz"
  dependencies:
    debug "2.6.9"
    depd "~1.1.2"
    destroy "~1.0.4"
    encodeurl "~1.0.2"
    escape-html "~1.0.3"
    etag "~1.8.1"
    fresh "0.5.2"
    http-errors "~1.7.2"
    mime "1.6.0"
    ms "2.1.1"
    on-finished "~2.3.0"
    range-parser "~1.2.1"
    statuses "~1.5.0"

serve-static@^1.14.1:
  version "1.14.1"
  resolved "https://registry.npm.taobao.org/serve-static/download/serve-static-1.14.1.tgz"
  dependencies:
    encodeurl "~1.0.2"
    escape-html "~1.0.3"
    parseurl "~1.3.3"
    send "0.17.1"

set-value@>=2.0.1:
  version "4.1.0"
  resolved "https://registry.yarnpkg.com/set-value/-/set-value-4.1.0.tgz#aa433662d87081b75ad88a4743bd450f044e7d09"
  dependencies:
    is-plain-object "^2.0.4"
    is-primitive "^3.0.1"

setprototypeof@1.1.1:
  version "1.1.1"
  resolved "https://registry.npm.taobao.org/setprototypeof/download/setprototypeof-1.1.1.tgz"

shebang-command@^2.0.0:
  version "2.0.0"
  resolved "https://registry.npm.taobao.org/shebang-command/download/shebang-command-2.0.0.tgz?cache=0&sync_timestamp=1567781622888&other_urls=https%3A%2F%2Fregistry.npm.taobao.org%2Fshebang-command%2Fdownload%2Fshebang-command-2.0.0.tgz"
  dependencies:
    shebang-regex "^3.0.0"

shebang-regex@^3.0.0:
  version "3.0.0"
  resolved "https://registry.npm.taobao.org/shebang-regex/download/shebang-regex-3.0.0.tgz"

source-map-resolve@^0.5.2:
  version "0.5.3"
  resolved "https://registry.npm.taobao.org/source-map-resolve/download/source-map-resolve-0.5.3.tgz?cache=0&sync_timestamp=1584829552965&other_urls=https%3A%2F%2Fregistry.npm.taobao.org%2Fsource-map-resolve%2Fdownload%2Fsource-map-resolve-0.5.3.tgz"
  dependencies:
    atob "^2.1.2"
    decode-uri-component "^0.2.0"
    resolve-url "^0.2.1"
    source-map-url "^0.4.0"
    urix "^0.1.0"

source-map-url@^0.4.0:
  version "0.4.0"
  resolved "https://registry.npm.taobao.org/source-map-url/download/source-map-url-0.4.0.tgz"

source-map@0.1.x:
  version "0.1.43"
  resolved "https://registry.npm.taobao.org/source-map/download/source-map-0.1.43.tgz"
  dependencies:
    amdefine ">=0.0.4"

source-map@^0.6.1:
  version "0.6.1"
  resolved "https://registry.npm.taobao.org/source-map/download/source-map-0.6.1.tgz"

source-map@^0.7.3:
  version "0.7.3"
  resolved "https://registry.npm.taobao.org/source-map/download/source-map-0.7.3.tgz"

sprintf-js@^1.0.3, sprintf-js@~1.0.2:
  version "1.0.3"
  resolved "https://registry.npm.taobao.org/sprintf-js/download/sprintf-js-1.0.3.tgz"

"statuses@>= 1.5.0 < 2", statuses@~1.5.0:
  version "1.5.0"
  resolved "https://registry.npm.taobao.org/statuses/download/statuses-1.5.0.tgz"

strip-ansi@^6.0.0:
  version "6.0.0"
  resolved "https://registry.npm.taobao.org/strip-ansi/download/strip-ansi-6.0.0.tgz"
  dependencies:
    ansi-regex "^5.0.0"

strip-indent@^3.0.0:
  version "3.0.0"
  resolved "https://registry.npm.taobao.org/strip-indent/download/strip-indent-3.0.0.tgz"
  dependencies:
    min-indent "^1.0.0"

striptags@^3.1.1:
  version "3.2.0"
  resolved "https://registry.yarnpkg.com/striptags/-/striptags-3.2.0.tgz#cc74a137db2de8b0b9a370006334161f7dd67052"

stylus@0.54.5:
  version "0.54.5"
  resolved "https://registry.npm.taobao.org/stylus/download/stylus-0.54.5.tgz?cache=0&sync_timestamp=1594901333819&other_urls=https%3A%2F%2Fregistry.npm.taobao.org%2Fstylus%2Fdownload%2Fstylus-0.54.5.tgz"
  dependencies:
    css-parse "1.7.x"
    debug "*"
    glob "7.0.x"
    mkdirp "0.5.x"
    sax "0.5.x"
    source-map "0.1.x"

stylus@^0.54.8:
  version "0.54.8"
  resolved "https://registry.npm.taobao.org/stylus/download/stylus-0.54.8.tgz?cache=0&sync_timestamp=1594901333819&other_urls=https%3A%2F%2Fregistry.npm.taobao.org%2Fstylus%2Fdownload%2Fstylus-0.54.8.tgz"
  dependencies:
    css-parse "~2.0.0"
    debug "~3.1.0"
    glob "^7.1.6"
    mkdirp "~1.0.4"
    safer-buffer "^2.1.2"
    sax "~1.2.4"
    semver "^6.3.0"
    source-map "^0.7.3"

supports-color@^7.1.0:
  version "7.2.0"
  resolved "https://registry.npm.taobao.org/supports-color/download/supports-color-7.2.0.tgz?cache=0&sync_timestamp=1598611719015&other_urls=https%3A%2F%2Fregistry.npm.taobao.org%2Fsupports-color%2Fdownload%2Fsupports-color-7.2.0.tgz"
  dependencies:
    has-flag "^4.0.0"

text-table@^0.2.0:
  version "0.2.0"
  resolved "https://registry.npm.taobao.org/text-table/download/text-table-0.2.0.tgz"

"through@>=2.2.7 <3":
  version "2.3.8"
  resolved "https://registry.npm.taobao.org/through/download/through-2.3.8.tgz"

tildify@^2.0.0:
  version "2.0.0"
  resolved "https://registry.npm.taobao.org/tildify/download/tildify-2.0.0.tgz"

timsort@^0.3.0:
  version "0.3.0"
  resolved "https://registry.npm.taobao.org/timsort/download/timsort-0.3.0.tgz"

titlecase@^1.1.2:
  version "1.1.3"
  resolved "https://registry.npm.taobao.org/titlecase/download/titlecase-1.1.3.tgz"

to-regex-range@^5.0.1:
  version "5.0.1"
  resolved "https://registry.npm.taobao.org/to-regex-range/download/to-regex-range-5.0.1.tgz"
  dependencies:
    is-number "^7.0.0"

toidentifier@1.0.0:
  version "1.0.0"
  resolved "https://registry.npm.taobao.org/toidentifier/download/toidentifier-1.0.0.tgz"

tslib@^1.10.0:
  version "1.13.0"
  resolved "https://registry.npm.taobao.org/tslib/download/tslib-1.13.0.tgz?cache=0&sync_timestamp=1596751904317&other_urls=https%3A%2F%2Fregistry.npm.taobao.org%2Ftslib%2Fdownload%2Ftslib-1.13.0.tgz"

underscore.string@3.3.5:
  version "3.3.5"
  resolved "https://registry.npm.taobao.org/underscore.string/download/underscore.string-3.3.5.tgz"
  dependencies:
    sprintf-js "^1.0.3"
    util-deprecate "^1.0.2"

underscore@1.10.2:
  version "1.10.2"
  resolved "https://registry.npm.taobao.org/underscore/download/underscore-1.10.2.tgz?cache=0&sync_timestamp=1615255146334&other_urls=https%3A%2F%2Fregistry.npm.taobao.org%2Funderscore%2Fdownload%2Funderscore-1.10.2.tgz"

unpipe@~1.0.0:
  version "1.0.0"
  resolved "https://registry.npm.taobao.org/unpipe/download/unpipe-1.0.0.tgz"

urix@^0.1.0:
  version "0.1.0"
  resolved "https://registry.npm.taobao.org/urix/download/urix-0.1.0.tgz"

util-deprecate@^1.0.2:
  version "1.0.2"
  resolved "https://registry.npm.taobao.org/util-deprecate/download/util-deprecate-1.0.2.tgz"

utils-merge@1.0.1:
  version "1.0.1"
  resolved "https://registry.npm.taobao.org/utils-merge/download/utils-merge-1.0.1.tgz"

vary@~1.1.2:
  version "1.1.2"
  resolved "https://registry.npm.taobao.org/vary/download/vary-1.1.2.tgz"

warehouse@^4.0.0:
  version "4.0.0"
  resolved "https://registry.npm.taobao.org/warehouse/download/warehouse-4.0.0.tgz"
  dependencies:
    JSONStream "^1.0.7"
    bluebird "^3.2.2"
    cuid "^2.1.4"
    graceful-fs "^4.1.3"
    is-plain-object "^3.0.0"
    rfdc "^1.1.4"

which@^2.0.1:
  version "2.0.2"
  resolved "https://registry.npm.taobao.org/which/download/which-2.0.2.tgz"
  dependencies:
    isexe "^2.0.0"

wrappy@1:
  version "1.0.2"
  resolved "https://registry.npm.taobao.org/wrappy/download/wrappy-1.0.2.tgz"
