# THIS IS AN AUTOGENERATED FILE. DO NOT EDIT THIS FILE DIRECTLY.
# yarn lockfile v1


a-sync-waterfall@^1.0.0:
  version "1.0.1"
  resolved "https://registry.npmmirror.com/a-sync-waterfall/-/a-sync-waterfall-1.0.1.tgz"

abbrev@^1.1.1:
  version "1.1.1"
  resolved "https://registry.npmmirror.com/abbrev/-/abbrev-1.1.1.tgz"

abbrev@^2.0.0:
  version "2.0.0"
  resolved "https://registry.npmmirror.com/abbrev/-/abbrev-2.0.0.tgz"

accepts@~1.3.5:
  version "1.3.8"
  resolved "https://registry.npmmirror.com/accepts/-/accepts-1.3.8.tgz"
  dependencies:
    mime-types "~2.1.34"
    negotiator "0.6.3"

ansi-regex@^5.0.1:
  version "5.0.1"
  resolved "https://registry.npmmirror.com/ansi-regex/-/ansi-regex-5.0.1.tgz"

ansi-styles@^4.1.0:
  version "4.3.0"
  resolved "https://registry.npmmirror.com/ansi-styles/-/ansi-styles-4.3.0.tgz"
  dependencies:
    color-convert "^2.0.1"

anymatch@~3.1.2:
  version "3.1.3"
  resolved "https://registry.npmmirror.com/anymatch/-/anymatch-3.1.3.tgz"
  dependencies:
    normalize-path "^3.0.0"
    picomatch "^2.0.4"

archy@^1.0.0:
  version "1.0.0"
  resolved "https://registry.npmmirror.com/archy/-/archy-1.0.0.tgz"

argparse@^1.0.7:
  version "1.0.10"
  resolved "https://registry.npmmirror.com/argparse/-/argparse-1.0.10.tgz"
  dependencies:
    sprintf-js "~1.0.2"

asap@^2.0.3:
  version "2.0.6"
  resolved "https://registry.npmmirror.com/asap/-/asap-2.0.6.tgz"

async@^3.2.3:
  version "3.2.5"
  resolved "https://registry.npmmirror.com/async/-/async-3.2.5.tgz"

atob@^2.1.2:
  version "2.1.2"
  resolved "https://registry.npmmirror.com/atob/-/atob-2.1.2.tgz"

balanced-match@^1.0.0:
  version "1.0.2"
  resolved "https://registry.npmmirror.com/balanced-match/-/balanced-match-1.0.2.tgz"

basic-auth@~2.0.1:
  version "2.0.1"
  resolved "https://registry.npmmirror.com/basic-auth/-/basic-auth-2.0.1.tgz"
  dependencies:
    safe-buffer "5.1.2"

binary-extensions@^2.0.0:
  version "2.3.0"
  resolved "https://registry.npmmirror.com/binary-extensions/-/binary-extensions-2.3.0.tgz"

bluebird@^3.2.2, bluebird@^3.5.1, bluebird@^3.5.2, bluebird@^3.5.5, bluebird@^3.7.2:
  version "3.7.2"
  resolved "https://registry.npmmirror.com/bluebird/-/bluebird-3.7.2.tgz"

brace-expansion@^1.1.7:
  version "1.1.18"
  resolved "https://registry.npmmirror.com/brace-expansion/-/brace-expansion-1.1.18.tgz#3ce74d89885136be1535341f8c3d4425c29a5cab"
  dependencies:
    balanced-match "^1.0.0"
    concat-map "0.0.1"

brace-expansion@^2.0.1:
  version "2.1.4"
  resolved "https://registry.npmmirror.com/brace-expansion/-/brace-expansion-2.1.4.tgz#589dab11c0018d0366be64cd8bf12c8dbecc8326"
  dependencies:
    balanced-match "^1.0.0"

braces@^3.0.3, braces@~3.0.2:
  version "3.0.3"
  resolved "https://registry.npmmirror.com/braces/-/braces-3.0.3.tgz"
  dependencies:
    fill-range "^7.1.1"

bytes@3.0.0:
  version "3.0.0"
  resolved "https://registry.npmmirror.com/bytes/-/bytes-3.0.0.tgz"

camel-case@^4.0.0, camel-case@^4.1.2:
  version "4.1.2"
  resolved "https://registry.npmmirror.com/camel-case/-/camel-case-4.1.2.tgz"
  dependencies:
    pascal-case "^3.1.2"
    tslib "^2.0.3"

chalk@^4.0.0, chalk@^4.0.2:
  version "4.1.2"
  resolved "https://registry.npmmirror.com/chalk/-/chalk-4.1.2.tgz"
  dependencies:
    ansi-styles "^4.1.0"
    supports-color "^7.1.0"

chokidar@^3.0.0, chokidar@^3.5.3:
  version "3.6.0"
  resolved "https://registry.npmmirror.com/chokidar/-/chokidar-3.6.0.tgz"
  dependencies:
    anymatch "~3.1.2"
    braces "~3.0.2"
    glob-parent "~5.1.2"
    is-binary-path "~2.1.0"
    is-glob "~4.0.1"
    normalize-path "~3.0.0"
    readdirp "~3.6.0"
  optionalDependencies:
    fsevents "~2.3.2"

color-convert@^2.0.1:
  version "2.0.1"
  resolved "https://registry.npmmirror.com/color-convert/-/color-convert-2.0.1.tgz"
  dependencies:
    color-name "~1.1.4"

color-name@~1.1.4:
  version "1.1.4"
  resolved "https://registry.npmmirror.com/color-name/-/color-name-1.1.4.tgz"

command-exists@^1.2.9:
  version "1.2.9"
  resolved "https://registry.npmmirror.com/command-exists/-/command-exists-1.2.9.tgz"

commander@^5.1.0:
  version "5.1.0"
  resolved "https://registry.npmmirror.com/commander/-/commander-5.1.0.tgz"

compressible@~2.0.16:
  version "2.0.18"
  resolved "https://registry.npmmirror.com/compressible/-/compressible-2.0.18.tgz"
  dependencies:
    mime-db ">= 1.43.0 < 2"

compression@^1.7.4:
  version "1.7.4"
  resolved "https://registry.npmmirror.com/compression/-/compression-1.7.4.tgz"
  dependencies:
    accepts "~1.3.5"
    bytes "3.0.0"
    compressible "~2.0.16"
    debug "2.6.9"
    on-headers "~1.0.2"
    safe-buffer "5.1.2"
    vary "~1.1.2"

concat-map@0.0.1:
  version "0.0.1"
  resolved "https://registry.npmmirror.com/concat-map/-/concat-map-0.0.1.tgz"

connect@^3.7.0:
  version "3.7.0"
  resolved "https://registry.npmmirror.com/connect/-/connect-3.7.0.tgz"
  dependencies:
    debug "2.6.9"
    finalhandler "1.1.2"
    parseurl "~1.3.3"
    utils-merge "1.0.1"

cross-spawn@^7.0.0, cross-spawn@^7.0.3:
  version "7.0.3"
  resolved "https://registry.npmmirror.com/cross-spawn/-/cross-spawn-7.0.3.tgz"
  dependencies:
    path-key "^3.1.0"
    shebang-command "^2.0.0"
    which "^2.0.1"

css@^3.0.0:
  version "3.0.0"
  resolved "https://registry.npmmirror.com/css/-/css-3.0.0.tgz"
  dependencies:
    inherits "^2.0.4"
    source-map "^0.6.1"
    source-map-resolve "^0.6.0"

cuid@^2.1.4:
  version "2.1.8"
  resolved "https://registry.npmmirror.com/cuid/-/cuid-2.1.8.tgz"

debug@2.6.9:
  version "2.6.9"
  resolved "https://registry.npmmirror.com/debug/-/debug-2.6.9.tgz"
  dependencies:
    ms "2.0.0"

debug@^4.3.2:
  version "4.3.5"
  resolved "https://registry.npmmirror.com/debug/-/debug-4.3.5.tgz"
  dependencies:
    ms "2.1.2"

decode-uri-component@^0.2.0:
  version "0.2.2"
  resolved "https://registry.npmmirror.com/decode-uri-component/-/decode-uri-component-0.2.2.tgz"

deep-assign@^2.0.0:
  version "2.0.0"
  resolved "https://registry.npmmirror.com/deep-assign/-/deep-assign-2.0.0.tgz"
  dependencies:
    is-obj "^1.0.0"

deepmerge@^4.2.2:
  version "4.3.1"
  resolved "https://registry.npmmirror.com/deepmerge/-/deepmerge-4.3.1.tgz"

depd@2.0.0, depd@~2.0.0:
  version "2.0.0"
  resolved "https://registry.npmmirror.com/depd/-/depd-2.0.0.tgz"

destroy@1.2.0:
  version "1.2.0"
  resolved "https://registry.npmmirror.com/destroy/-/destroy-1.2.0.tgz"

dom-serializer@^1.0.1:
  version "1.4.1"
  resolved "https://registry.npmmirror.com/dom-serializer/-/dom-serializer-1.4.1.tgz"
  dependencies:
    domelementtype "^2.0.1"
    domhandler "^4.2.0"
    entities "^2.0.0"

dom-serializer@^2.0.0:
  version "2.0.0"
  resolved "https://registry.npmmirror.com/dom-serializer/-/dom-serializer-2.0.0.tgz"
  dependencies:
    domelementtype "^2.3.0"
    domhandler "^5.0.2"
    entities "^4.2.0"

domelementtype@^2.0.1, domelementtype@^2.2.0, domelementtype@^2.3.0:
  version "2.3.0"
  resolved "https://registry.npmmirror.com/domelementtype/-/domelementtype-2.3.0.tgz"

domhandler@^4.2.0, domhandler@^4.2.2:
  version "4.3.1"
  resolved "https://registry.npmmirror.com/domhandler/-/domhandler-4.3.1.tgz"
  dependencies:
    domelementtype "^2.2.0"

domhandler@^5.0.2, domhandler@^5.0.3:
  version "5.0.3"
  resolved "https://registry.npmmirror.com/domhandler/-/domhandler-5.0.3.tgz"
  dependencies:
    domelementtype "^2.3.0"

domutils@^2.8.0:
  version "2.8.0"
  resolved "https://registry.npmmirror.com/domutils/-/domutils-2.8.0.tgz"
  dependencies:
    dom-serializer "^1.0.1"
    domelementtype "^2.2.0"
    domhandler "^4.2.0"

domutils@^3.1.0:
  version "3.1.0"
  resolved "https://registry.npmmirror.com/domutils/-/domutils-3.1.0.tgz"
  dependencies:
    dom-serializer "^2.0.0"
    domelementtype "^2.3.0"
    domhandler "^5.0.3"

ee-first@1.1.1:
  version "1.1.1"
  resolved "https://registry.npmmirror.com/ee-first/-/ee-first-1.1.1.tgz"

ejs@^3.1.6:
  version "3.1.10"
  resolved "https://registry.npmmirror.com/ejs/-/ejs-3.1.10.tgz"
  dependencies:
    jake "^10.8.5"

encodeurl@~1.0.2:
  version "1.0.2"
  resolved "https://registry.npmmirror.com/encodeurl/-/encodeurl-1.0.2.tgz"

entities@^2.0.0:
  version "2.2.0"
  resolved "https://registry.npmmirror.com/entities/-/entities-2.2.0.tgz"

entities@^3.0.1:
  version "3.0.1"
  resolved "https://registry.npmmirror.com/entities/-/entities-3.0.1.tgz"

entities@^4.2.0, entities@^4.5.0:
  version "4.5.0"
  resolved "https://registry.npmmirror.com/entities/-/entities-4.5.0.tgz"

escape-html@~1.0.3:
  version "1.0.3"
  resolved "https://registry.npmmirror.com/escape-html/-/escape-html-1.0.3.tgz"

esprima@^4.0.0:
  version "4.0.1"
  resolved "https://registry.npmmirror.com/esprima/-/esprima-4.0.1.tgz"

etag@~1.8.1:
  version "1.8.1"
  resolved "https://registry.npmmirror.com/etag/-/etag-1.8.1.tgz"

filelist@^1.0.4:
  version "1.0.4"
  resolved "https://registry.npmmirror.com/filelist/-/filelist-1.0.4.tgz"
  dependencies:
    minimatch "^5.0.1"

fill-range@^7.1.1:
  version "7.1.1"
  resolved "https://registry.npmmirror.com/fill-range/-/fill-range-7.1.1.tgz"
  dependencies:
    to-regex-range "^5.0.1"

finalhandler@1.1.2:
  version "1.1.2"
  resolved "https://registry.npmmirror.com/finalhandler/-/finalhandler-1.1.2.tgz"
  dependencies:
    debug "2.6.9"
    encodeurl "~1.0.2"
    escape-html "~1.0.3"
    on-finished "~2.3.0"
    parseurl "~1.3.3"
    statuses "~1.5.0"
    unpipe "~1.0.0"

fresh@0.5.2:
  version "0.5.2"
  resolved "https://registry.npmmirror.com/fresh/-/fresh-0.5.2.tgz"

fs.realpath@^1.0.0:
  version "1.0.0"
  resolved "https://registry.npmmirror.com/fs.realpath/-/fs.realpath-1.0.0.tgz"

fsevents@~2.3.2:
  version "2.3.3"
  resolved "https://registry.npmmirror.com/fsevents/-/fsevents-2.3.3.tgz"

function-bind@^1.1.2:
  version "1.1.2"
  resolved "https://registry.npmmirror.com/function-bind/-/function-bind-1.1.2.tgz"

glob-parent@~5.1.2:
  version "5.1.2"
  resolved "https://registry.npmmirror.com/glob-parent/-/glob-parent-5.1.2.tgz"
  dependencies:
    is-glob "^4.0.1"

glob@^7.1.6:
  version "7.2.3"
  resolved "https://registry.npmmirror.com/glob/-/glob-7.2.3.tgz"
  dependencies:
    fs.realpath "^1.0.0"
    inflight "^1.0.4"
    inherits "2"
    minimatch "^3.1.1"
    once "^1.3.0"
    path-is-absolute "^1.0.0"

graceful-fs@^4.1.11, graceful-fs@^4.1.3, graceful-fs@^4.2.10:
  version "4.2.11"
  resolved "https://registry.npmmirror.com/graceful-fs/-/graceful-fs-4.2.11.tgz"

has-flag@^4.0.0:
  version "4.0.0"
  resolved "https://registry.npmmirror.com/has-flag/-/has-flag-4.0.0.tgz"

hasown@^2.0.0:
  version "2.0.2"
  resolved "https://registry.npmmirror.com/hasown/-/hasown-2.0.2.tgz"
  dependencies:
    function-bind "^1.1.2"

hexo-cli@^4.0.0:
  version "4.3.2"
  resolved "https://registry.npmmirror.com/hexo-cli/-/hexo-cli-4.3.2.tgz"
  dependencies:
    abbrev "^2.0.0"
    bluebird "^3.7.2"
    command-exists "^1.2.9"
    hexo-fs "^4.1.1"
    hexo-log "^4.0.1"
    hexo-util "^3.3.0"
    minimist "^1.2.5"
    picocolors "^1.0.0"
    resolve "^1.20.0"
    tildify "^2.0.0"

hexo-deployer-git@^4.0.0:
  version "4.0.0"
  resolved "https://registry.npmmirror.com/hexo-deployer-git/-/hexo-deployer-git-4.0.0.tgz"
  dependencies:
    bluebird "^3.7.2"
    hexo-fs "^4.0.0"
    hexo-util "^2.7.0"
    luxon "^3.0.4"
    nunjucks "^3.2.3"
    picocolors "^1.0.0"

hexo-filter-mermaid-diagrams@^1.0.5:
  version "1.0.5"
  resolved "https://registry.npmmirror.com/hexo-filter-mermaid-diagrams/-/hexo-filter-mermaid-diagrams-1.0.5.tgz"
  dependencies:
    deep-assign "^2.0.0"

hexo-front-matter@^2.0.0:
  version "2.0.0"
  resolved "https://registry.npmmirror.com/hexo-front-matter/-/hexo-front-matter-2.0.0.tgz"
  dependencies:
    js-yaml "^3.13.1"

hexo-fs@^3.1.0:
  version "3.1.0"
  resolved "https://registry.npmmirror.com/hexo-fs/-/hexo-fs-3.1.0.tgz"
  dependencies:
    bluebird "^3.5.1"
    chokidar "^3.0.0"
    graceful-fs "^4.1.11"
    hexo-util "^2.0.0"

hexo-fs@^4.0.0, hexo-fs@^4.1.1:
  version "4.1.3"
  resolved "https://registry.npmmirror.com/hexo-fs/-/hexo-fs-4.1.3.tgz"
  dependencies:
    bluebird "^3.7.2"
    chokidar "^3.5.3"
    graceful-fs "^4.2.10"
    hexo-util "^3.0.1"

hexo-generator-archive@^1.0.0:
  version "1.0.0"
  resolved "https://registry.npmmirror.com/hexo-generator-archive/-/hexo-generator-archive-1.0.0.tgz"
  dependencies:
    hexo-pagination "1.0.0"

hexo-generator-category@^1.0.0:
  version "1.0.0"
  resolved "https://registry.npmmirror.com/hexo-generator-category/-/hexo-generator-category-1.0.0.tgz"
  dependencies:
    hexo-pagination "1.0.0"

hexo-generator-index@^2.0.0:
  version "2.0.0"
  resolved "https://registry.npmmirror.com/hexo-generator-index/-/hexo-generator-index-2.0.0.tgz"
  dependencies:
    hexo-pagination "1.0.0"
    timsort "^0.3.0"

hexo-generator-json-content@^4.2.3:
  version "4.2.3"
  resolved "https://registry.npmmirror.com/hexo-generator-json-content/-/hexo-generator-json-content-4.2.3.tgz"
  dependencies:
    hexo-util latest
    keyword-extractor latest
    moment latest

hexo-generator-tag@^1.0.0:
  version "1.0.0"
  resolved "https://registry.npmmirror.com/hexo-generator-tag/-/hexo-generator-tag-1.0.0.tgz"
  dependencies:
    hexo-pagination "1.0.0"

hexo-i18n@^1.0.0:
  version "1.0.0"
  resolved "https://registry.npmmirror.com/hexo-i18n/-/hexo-i18n-1.0.0.tgz"
  dependencies:
    sprintf-js "^1.0.3"

hexo-log@^2.0.0:
  version "2.0.0"
  resolved "https://registry.npmmirror.com/hexo-log/-/hexo-log-2.0.0.tgz"
  dependencies:
    chalk "^4.0.0"

hexo-log@^3.0.0:
  version "3.2.0"
  resolved "https://registry.npmmirror.com/hexo-log/-/hexo-log-3.2.0.tgz"
  dependencies:
    picocolors "^1.0.0"

hexo-log@^4.0.1:
  version "4.1.0"
  resolved "https://registry.npmmirror.com/hexo-log/-/hexo-log-4.1.0.tgz"
  dependencies:
    picocolors "^1.0.0"

hexo-pagination@1.0.0:
  version "1.0.0"
  resolved "https://registry.npmmirror.com/hexo-pagination/-/hexo-pagination-1.0.0.tgz"

hexo-renderer-ejs@^2.0.0:
  version "2.0.0"
  resolved "https://registry.npmmirror.com/hexo-renderer-ejs/-/hexo-renderer-ejs-2.0.0.tgz"
  dependencies:
    ejs "^3.1.6"

hexo-renderer-marked@^3.0.0:
  version "3.3.0"
  resolved "https://registry.npmmirror.com/hexo-renderer-marked/-/hexo-renderer-marked-3.3.0.tgz"
  dependencies:
    hexo-util "^2.1.0"
    marked "^1.0.0"

hexo-renderer-stylus@^2.0.0:
  version "2.1.0"
  resolved "https://registry.npmmirror.com/hexo-renderer-stylus/-/hexo-renderer-stylus-2.1.0.tgz"
  dependencies:
    nib "^1.2.0"
    stylus "^0.57.0"

hexo-server@^2.0.0:
  version "2.0.0"
  resolved "https://registry.npmmirror.com/hexo-server/-/hexo-server-2.0.0.tgz"
  dependencies:
    bluebird "^3.5.5"
    chalk "^4.0.0"
    compression "^1.7.4"
    connect "^3.7.0"
    mime "^2.4.3"
    morgan "^1.9.1"
    open "^7.0.0"
    serve-static "^1.14.1"

hexo-util@^2.0.0, hexo-util@^2.1.0, hexo-util@^2.4.0, hexo-util@^2.7.0, hexo-util@latest:
  version "2.7.0"
  resolved "https://registry.npmmirror.com/hexo-util/-/hexo-util-2.7.0.tgz"
  dependencies:
    bluebird "^3.5.2"
    camel-case "^4.0.0"
    cross-spawn "^7.0.0"
    deepmerge "^4.2.2"
    highlight.js "^11.0.1"
    htmlparser2 "^7.0.0"
    prismjs "^1.17.1"
    strip-indent "^3.0.0"

hexo-util@^3.0.1, hexo-util@^3.3.0:
  version "3.3.0"
  resolved "https://registry.npmmirror.com/hexo-util/-/hexo-util-3.3.0.tgz"
  dependencies:
    camel-case "^4.1.2"
    cross-spawn "^7.0.3"
    deepmerge "^4.2.2"
    highlight.js "^11.6.0"
    htmlparser2 "^9.0.0"
    prismjs "^1.29.0"
    strip-indent "^3.0.0"

hexo-wordcount@^6.0.1:
  version "6.0.1"
  resolved "https://registry.npmmirror.com/hexo-wordcount/-/hexo-wordcount-6.0.1.tgz"

hexo@^5.4.1:
  version "5.4.2"
  resolved "https://registry.npmmirror.com/hexo/-/hexo-5.4.2.tgz"
  dependencies:
    abbrev "^1.1.1"
    archy "^1.0.0"
    bluebird "^3.5.2"
    chalk "^4.0.0"
    hexo-cli "^4.0.0"
    hexo-front-matter "^2.0.0"
    hexo-fs "^3.1.0"
    hexo-i18n "^1.0.0"
    hexo-log "^2.0.0"
    hexo-util "^2.4.0"
    js-yaml "^3.14.1"
    micromatch "^4.0.2"
    moment "^2.22.2"
    moment-timezone "^0.5.21"
    nunjucks "^3.2.1"
    pretty-hrtime "^1.0.3"
    resolve "^1.8.1"
    strip-ansi "^6.0.0"
    text-table "^0.2.0"
    tildify "^2.0.0"
    titlecase "^1.1.2"
    warehouse "^4.0.0"

highlight.js@^11.0.1, highlight.js@^11.6.0:
  version "11.9.0"
  resolved "https://registry.npmmirror.com/highlight.js/-/highlight.js-11.9.0.tgz"

htmlparser2@^7.0.0:
  version "7.2.0"
  resolved "https://registry.npmmirror.com/htmlparser2/-/htmlparser2-7.2.0.tgz"
  dependencies:
    domelementtype "^2.0.1"
    domhandler "^4.2.2"
    domutils "^2.8.0"
    entities "^3.0.1"

htmlparser2@^9.0.0:
  version "9.1.0"
  resolved "https://registry.npmmirror.com/htmlparser2/-/htmlparser2-9.1.0.tgz"
  dependencies:
    domelementtype "^2.3.0"
    domhandler "^5.0.3"
    domutils "^3.1.0"
    entities "^4.5.0"

http-errors@2.0.0:
  version "2.0.0"
  resolved "https://registry.npmmirror.com/http-errors/-/http-errors-2.0.0.tgz"
  dependencies:
    depd "2.0.0"
    inherits "2.0.4"
    setprototypeof "1.2.0"
    statuses "2.0.1"
    toidentifier "1.0.1"

inflight@^1.0.4:
  version "1.0.6"
  resolved "https://registry.npmmirror.com/inflight/-/inflight-1.0.6.tgz"
  dependencies:
    once "^1.3.0"
    wrappy "1"

inherits@2, inherits@2.0.4, inherits@^2.0.3, inherits@^2.0.4:
  version "2.0.4"
  resolved "https://registry.npmmirror.com/inherits/-/inherits-2.0.4.tgz"

is-binary-path@~2.1.0:
  version "2.1.0"
  resolved "https://registry.npmmirror.com/is-binary-path/-/is-binary-path-2.1.0.tgz"
  dependencies:
    binary-extensions "^2.0.0"

is-core-module@^2.13.0:
  version "2.13.1"
  resolved "https://registry.npmmirror.com/is-core-module/-/is-core-module-2.13.1.tgz"
  dependencies:
    hasown "^2.0.0"

is-docker@^2.0.0:
  version "2.2.1"
  resolved "https://registry.npmmirror.com/is-docker/-/is-docker-2.2.1.tgz"

is-extglob@^2.1.1:
  version "2.1.1"
  resolved "https://registry.npmmirror.com/is-extglob/-/is-extglob-2.1.1.tgz"

is-glob@^4.0.1, is-glob@~4.0.1:
  version "4.0.3"
  resolved "https://registry.npmmirror.com/is-glob/-/is-glob-4.0.3.tgz"
  dependencies:
    is-extglob "^2.1.1"

is-number@^7.0.0:
  version "7.0.0"
  resolved "https://registry.npmmirror.com/is-number/-/is-number-7.0.0.tgz"

is-obj@^1.0.0:
  version "1.0.1"
  resolved "https://registry.npmmirror.com/is-obj/-/is-obj-1.0.1.tgz"

is-plain-object@^5.0.0:
  version "5.0.0"
  resolved "https://registry.npmmirror.com/is-plain-object/-/is-plain-object-5.0.0.tgz"

is-wsl@^2.1.1:
  version "2.2.0"
  resolved "https://registry.npmmirror.com/is-wsl/-/is-wsl-2.2.0.tgz"
  dependencies:
    is-docker "^2.0.0"

isexe@^2.0.0:
  version "2.0.0"
  resolved "https://registry.npmmirror.com/isexe/-/isexe-2.0.0.tgz"

jake@^10.8.5:
  version "10.9.1"
  resolved "https://registry.npmmirror.com/jake/-/jake-10.9.1.tgz"
  dependencies:
    async "^3.2.3"
    chalk "^4.0.2"
    filelist "^1.0.4"
    minimatch "^3.1.2"

js-yaml@^3.13.1, js-yaml@^3.14.1:
  version "3.14.1"
  resolved "https://registry.npmmirror.com/js-yaml/-/js-yaml-3.14.1.tgz"
  dependencies:
    argparse "^1.0.7"
    esprima "^4.0.0"

jsonparse@^1.3.1:
  version "1.3.1"
  resolved "https://registry.npmmirror.com/jsonparse/-/jsonparse-1.3.1.tgz"

keyword-extractor@latest:
  version "0.0.28"
  resolved "https://registry.npmmirror.com/keyword-extractor/-/keyword-extractor-0.0.28.tgz"

lower-case@^2.0.2:
  version "2.0.2"
  resolved "https://registry.npmmirror.com/lower-case/-/lower-case-2.0.2.tgz"
  dependencies:
    tslib "^2.0.3"

luxon@^3.0.4:
  version "3.4.4"
  resolved "https://registry.npmmirror.com/luxon/-/luxon-3.4.4.tgz"

marked@^1.0.0:
  version "1.2.9"
  resolved "https://registry.npmmirror.com/marked/-/marked-1.2.9.tgz"

micromatch@^4.0.2:
  version "4.0.7"
  resolved "https://registry.npmmirror.com/micromatch/-/micromatch-4.0.7.tgz"
  dependencies:
    braces "^3.0.3"
    picomatch "^2.3.1"

mime-db@1.52.0, "mime-db@>= 1.43.0 < 2":
  version "1.52.0"
  resolved "https://registry.npmmirror.com/mime-db/-/mime-db-1.52.0.tgz"

mime-types@~2.1.34:
  version "2.1.35"
  resolved "https://registry.npmmirror.com/mime-types/-/mime-types-2.1.35.tgz"
  dependencies:
    mime-db "1.52.0"

mime@1.6.0:
  version "1.6.0"
  resolved "https://registry.npmmirror.com/mime/-/mime-1.6.0.tgz"

mime@^2.4.3:
  version "2.6.0"
  resolved "https://registry.npmmirror.com/mime/-/mime-2.6.0.tgz"

min-indent@^1.0.0:
  version "1.0.1"
  resolved "https://registry.npmmirror.com/min-indent/-/min-indent-1.0.1.tgz"

minimatch@^3.1.1, minimatch@^3.1.2:
  version "3.1.2"
  resolved "https://registry.npmmirror.com/minimatch/-/minimatch-3.1.2.tgz"
  dependencies:
    brace-expansion "^1.1.7"

minimatch@^5.0.1:
  version "5.1.6"
  resolved "https://registry.npmmirror.com/minimatch/-/minimatch-5.1.6.tgz"
  dependencies:
    brace-expansion "^2.0.1"

minimist@^1.2.5:
  version "1.2.8"
  resolved "https://registry.npmmirror.com/minimist/-/minimist-1.2.8.tgz"

moment-timezone@^0.5.21:
  version "0.5.45"
  resolved "https://registry.npmmirror.com/moment-timezone/-/moment-timezone-0.5.45.tgz"
  dependencies:
    moment "^2.29.4"

moment@^2.22.2, moment@^2.29.4, moment@latest:
  version "2.30.1"
  resolved "https://registry.npmmirror.com/moment/-/moment-2.30.1.tgz"

morgan@^1.9.1:
  version "1.10.0"
  resolved "https://registry.npmmirror.com/morgan/-/morgan-1.10.0.tgz"
  dependencies:
    basic-auth "~2.0.1"
    debug "2.6.9"
    depd "~2.0.0"
    on-finished "~2.3.0"
    on-headers "~1.0.2"

ms@2.0.0:
  version "2.0.0"
  resolved "https://registry.npmmirror.com/ms/-/ms-2.0.0.tgz"

ms@2.1.2:
  version "2.1.2"
  resolved "https://registry.npmmirror.com/ms/-/ms-2.1.2.tgz"

ms@2.1.3:
  version "2.1.3"
  resolved "https://registry.npmmirror.com/ms/-/ms-2.1.3.tgz"

negotiator@0.6.3:
  version "0.6.3"
  resolved "https://registry.npmmirror.com/negotiator/-/negotiator-0.6.3.tgz"

nib@^1.2.0:
  version "1.2.0"
  resolved "https://registry.npmmirror.com/nib/-/nib-1.2.0.tgz"

no-case@^3.0.4:
  version "3.0.4"
  resolved "https://registry.npmmirror.com/no-case/-/no-case-3.0.4.tgz"
  dependencies:
    lower-case "^2.0.2"
    tslib "^2.0.3"

normalize-path@^3.0.0, normalize-path@~3.0.0:
  version "3.0.0"
  resolved "https://registry.npmmirror.com/normalize-path/-/normalize-path-3.0.0.tgz"

nunjucks@^3.2.1, nunjucks@^3.2.3:
  version "3.2.4"
  resolved "https://registry.npmmirror.com/nunjucks/-/nunjucks-3.2.4.tgz"
  dependencies:
    a-sync-waterfall "^1.0.0"
    asap "^2.0.3"
    commander "^5.1.0"

on-finished@2.4.1:
  version "2.4.1"
  resolved "https://registry.npmmirror.com/on-finished/-/on-finished-2.4.1.tgz"
  dependencies:
    ee-first "1.1.1"

on-finished@~2.3.0:
  version "2.3.0"
  resolved "https://registry.npmmirror.com/on-finished/-/on-finished-2.3.0.tgz"
  dependencies:
    ee-first "1.1.1"

on-headers@~1.0.2:
  version "1.0.2"
  resolved "https://registry.npmmirror.com/on-headers/-/on-headers-1.0.2.tgz"

once@^1.3.0:
  version "1.4.0"
  resolved "https://registry.npmmirror.com/once/-/once-1.4.0.tgz"
  dependencies:
    wrappy "1"

open@^7.0.0:
  version "7.4.2"
  resolved "https://registry.npmmirror.com/open/-/open-7.4.2.tgz"
  dependencies:
    is-docker "^2.0.0"
    is-wsl "^2.1.1"

parseurl@~1.3.3:
  version "1.3.3"
  resolved "https://registry.npmmirror.com/parseurl/-/parseurl-1.3.3.tgz"

pascal-case@^3.1.2:
  version "3.1.2"
  resolved "https://registry.npmmirror.com/pascal-case/-/pascal-case-3.1.2.tgz"
  dependencies:
    no-case "^3.0.4"
    tslib "^2.0.3"

path-is-absolute@^1.0.0:
  version "1.0.1"
  resolved "https://registry.npmmirror.com/path-is-absolute/-/path-is-absolute-1.0.1.tgz"

path-key@^3.1.0:
  version "3.1.1"
  resolved "https://registry.npmmirror.com/path-key/-/path-key-3.1.1.tgz"

path-parse@^1.0.7:
  version "1.0.7"
  resolved "https://registry.npmmirror.com/path-parse/-/path-parse-1.0.7.tgz"

picocolors@^1.0.0:
  version "1.0.1"
  resolved "https://registry.npmmirror.com/picocolors/-/picocolors-1.0.1.tgz"

picomatch@^2.0.4, picomatch@^2.2.1, picomatch@^2.3.1:
  version "2.3.1"
  resolved "https://registry.npmmirror.com/picomatch/-/picomatch-2.3.1.tgz"

pretty-hrtime@^1.0.3:
  version "1.0.3"
  resolved "https://registry.npmmirror.com/pretty-hrtime/-/pretty-hrtime-1.0.3.tgz"

prismjs@^1.17.1, prismjs@^1.29.0:
  version "1.29.0"
  resolved "https://registry.npmmirror.com/prismjs/-/prismjs-1.29.0.tgz"

range-parser@~1.2.1:
  version "1.2.1"
  resolved "https://registry.npmmirror.com/range-parser/-/range-parser-1.2.1.tgz"

readable-stream@3:
  version "3.6.2"
  resolved "https://registry.npmmirror.com/readable-stream/-/readable-stream-3.6.2.tgz"
  dependencies:
    inherits "^2.0.3"
    string_decoder "^1.1.1"
    util-deprecate "^1.0.1"

readdirp@~3.6.0:
  version "3.6.0"
  resolved "https://registry.npmmirror.com/readdirp/-/readdirp-3.6.0.tgz"
  dependencies:
    picomatch "^2.2.1"

resolve@^1.20.0, resolve@^1.8.1:
  version "1.22.8"
  resolved "https://registry.npmmirror.com/resolve/-/resolve-1.22.8.tgz"
  dependencies:
    is-core-module "^2.13.0"
    path-parse "^1.0.7"
    supports-preserve-symlinks-flag "^1.0.0"

rfdc@^1.1.4:
  version "1.3.1"
  resolved "https://registry.npmmirror.com/rfdc/-/rfdc-1.3.1.tgz"

safe-buffer@5.1.2:
  version "5.1.2"
  resolved "https://registry.npmmirror.com/safe-buffer/-/safe-buffer-5.1.2.tgz"

safe-buffer@~5.2.0:
  version "5.2.1"
  resolved "https://registry.npmmirror.com/safe-buffer/-/safe-buffer-5.2.1.tgz"

safer-buffer@^2.1.2:
  version "2.1.2"
  resolved "https://registry.npmmirror.com/safer-buffer/-/safer-buffer-2.1.2.tgz"

sax@~1.2.4:
  version "1.2.4"
  resolved "https://registry.npmmirror.com/sax/-/sax-1.2.4.tgz"

send@0.18.0:
  version "0.18.0"
  resolved "https://registry.npmmirror.com/send/-/send-0.18.0.tgz"
  dependencies:
    debug "2.6.9"
    depd "2.0.0"
    destroy "1.2.0"
    encodeurl "~1.0.2"
    escape-html "~1.0.3"
    etag "~1.8.1"
    fresh "0.5.2"
    http-errors "2.0.0"
    mime "1.6.0"
    ms "2.1.3"
    on-finished "2.4.1"
    range-parser "~1.2.1"
    statuses "2.0.1"

serve-static@^1.14.1:
  version "1.15.0"
  resolved "https://registry.npmmirror.com/serve-static/-/serve-static-1.15.0.tgz"
  dependencies:
    encodeurl "~1.0.2"
    escape-html "~1.0.3"
    parseurl "~1.3.3"
    send "0.18.0"

setprototypeof@1.2.0:
  version "1.2.0"
  resolved "https://registry.npmmirror.com/setprototypeof/-/setprototypeof-1.2.0.tgz"

shebang-command@^2.0.0:
  version "2.0.0"
  resolved "https://registry.npmmirror.com/shebang-command/-/shebang-command-2.0.0.tgz"
  dependencies:
    shebang-regex "^3.0.0"

shebang-regex@^3.0.0:
  version "3.0.0"
  resolved "https://registry.npmmirror.com/shebang-regex/-/shebang-regex-3.0.0.tgz"

source-map-resolve@^0.6.0:
  version "0.6.0"
  resolved "https://registry.npmmirror.com/source-map-resolve/-/source-map-resolve-0.6.0.tgz"
  dependencies:
    atob "^2.1.2"
    decode-uri-component "^0.2.0"

source-map@^0.6.1:
  version "0.6.1"
  resolved "https://registry.npmmirror.com/source-map/-/source-map-0.6.1.tgz"

source-map@^0.7.3:
  version "0.7.4"
  resolved "https://registry.npmmirror.com/source-map/-/source-map-0.7.4.tgz"

sprintf-js@^1.0.3:
  version "1.1.3"
  resolved "https://registry.npmmirror.com/sprintf-js/-/sprintf-js-1.1.3.tgz"

sprintf-js@~1.0.2:
  version "1.0.3"
  resolved "https://registry.npmmirror.com/sprintf-js/-/sprintf-js-1.0.3.tgz"

statuses@2.0.1:
  version "2.0.1"
  resolved "https://registry.npmmirror.com/statuses/-/statuses-2.0.1.tgz"

statuses@~1.5.0:
  version "1.5.0"
  resolved "https://registry.npmmirror.com/statuses/-/statuses-1.5.0.tgz"

string_decoder@^1.1.1:
  version "1.3.0"
  resolved "https://registry.npmmirror.com/string_decoder/-/string_decoder-1.3.0.tgz"
  dependencies:
    safe-buffer "~5.2.0"

strip-ansi@^6.0.0:
  version "6.0.1"
  resolved "https://registry.npmmirror.com/strip-ansi/-/strip-ansi-6.0.1.tgz"
  dependencies:
    ansi-regex "^5.0.1"

strip-indent@^3.0.0:
  version "3.0.0"
  resolved "https://registry.npmmirror.com/strip-indent/-/strip-indent-3.0.0.tgz"
  dependencies:
    min-indent "^1.0.0"

stylus@^0.57.0:
  version "0.57.0"
  resolved "https://registry.npmmirror.com/stylus/-/stylus-0.57.0.tgz"
  dependencies:
    css "^3.0.0"
    debug "^4.3.2"
    glob "^7.1.6"
    safer-buffer "^2.1.2"
    sax "~1.2.4"
    source-map "^0.7.3"

supports-color@^7.1.0:
  version "7.2.0"
  resolved "https://registry.npmmirror.com/supports-color/-/supports-color-7.2.0.tgz"
  dependencies:
    has-flag "^4.0.0"

supports-preserve-symlinks-flag@^1.0.0:
  version "1.0.0"
  resolved "https://registry.npmmirror.com/supports-preserve-symlinks-flag/-/supports-preserve-symlinks-flag-1.0.0.tgz"

text-table@^0.2.0:
  version "0.2.0"
  resolved "https://registry.npmmirror.com/text-table/-/text-table-0.2.0.tgz"

through2@^4.0.2:
  version "4.0.2"
  resolved "https://registry.npmmirror.com/through2/-/through2-4.0.2.tgz"
  dependencies:
    readable-stream "3"

tildify@^2.0.0:
  version "2.0.0"
  resolved "https://registry.npmmirror.com/tildify/-/tildify-2.0.0.tgz"

timsort@^0.3.0:
  version "0.3.0"
  resolved "https://registry.npmmirror.com/timsort/-/timsort-0.3.0.tgz"

titlecase@^1.1.2:
  version "1.1.3"
  resolved "https://registry.npmmirror.com/titlecase/-/titlecase-1.1.3.tgz"

to-regex-range@^5.0.1:
  version "5.0.1"
  resolved "https://registry.npmmirror.com/to-regex-range/-/to-regex-range-5.0.1.tgz"
  dependencies:
    is-number "^7.0.0"

toidentifier@1.0.1:
  version "1.0.1"
  resolved "https://registry.npmmirror.com/toidentifier/-/toidentifier-1.0.1.tgz"

tslib@^2.0.3:
  version "2.6.2"
  resolved "https://registry.npmmirror.com/tslib/-/tslib-2.6.2.tgz"

unpipe@~1.0.0:
  version "1.0.0"
  resolved "https://registry.npmmirror.com/unpipe/-/unpipe-1.0.0.tgz"

util-deprecate@^1.0.1:
  version "1.0.2"
  resolved "https://registry.npmmirror.com/util-deprecate/-/util-deprecate-1.0.2.tgz"

utils-merge@1.0.1:
  version "1.0.1"
  resolved "https://registry.npmmirror.com/utils-merge/-/utils-merge-1.0.1.tgz"

vary@~1.1.2:
  version "1.1.2"
  resolved "https://registry.npmmirror.com/vary/-/vary-1.1.2.tgz"

warehouse@^4.0.0:
  version "4.0.2"
  resolved "https://registry.npmmirror.com/warehouse/-/warehouse-4.0.2.tgz"
  dependencies:
    bluebird "^3.2.2"
    cuid "^2.1.4"
    graceful-fs "^4.1.3"
    hexo-log "^3.0.0"
    is-plain-object "^5.0.0"
    jsonparse "^1.3.1"
    rfdc "^1.1.4"
    through2 "^4.0.2"

which@^2.0.1:
  version "2.0.2"
  resolved "https://registry.npmmirror.com/which/-/which-2.0.2.tgz"
  dependencies:
    isexe "^2.0.0"

wrappy@1:
  version "1.0.2"
  resolved "https://registry.npmmirror.com/wrappy/-/wrappy-1.0.2.tgz"
